
Microsoft Visual Studio Solution File, Format Version 12.00
# Visual Studio Version 17
VisualStudioVersion = 17.6.33712.159
MinimumVisualStudioVersion = 10.0.40219.1
Project("{FAE04EC0-301F-11D3-BF4B-00C04F79EFBC}") = "BankTab", "BankTab.csproj", "{CF81DD2F-5CE6-44E9-8CCF-9EFBA0E2A34E}"
EndProject
Global
	GlobalSection(SolutionConfigurationPlatforms) = preSolution
		Debug|Any CPU = Debug|Any CPU
		Release|Any CPU = Release|Any CPU
	EndGlobalSection
	GlobalSection(ProjectConfigurationPlatforms) = postSolution
		{CF81DD2F-5CE6-44E9-8CCF-9EFBA0E2A34E}.Debug|Any CPU.ActiveCfg = Debug|Any CPU
		{CF81DD2F-5CE6-44E9-8CCF-9EFBA0E2A34E}.Debug|Any CPU.Build.0 = Debug|Any CPU
		{CF81DD2F-5CE6-44E9-8CCF-9EFBA0E2A34E}.Release|Any CPU.ActiveCfg = Release|Any CPU
		{CF81DD2F-5CE6-44E9-8CCF-9EFBA0E2A34E}.Release|Any CPU.Build.0 = Release|Any CPU
	EndGlobalSection
	GlobalSection(SolutionProperties) = preSolution
		HideSolutionNode = FALSE
	EndGlobalSection
	GlobalSection(ExtensibilityGlobals) = postSolution
		SolutionGuid = {65FBDA7E-2C88-4F1F-B6EA-A83FC18EA859}
	EndGlobalSection
EndGlobal
